// !$*UTF8*$!
{
	archiveVersion = 1;
	classes = {
	};
	objectVersion = 50;
	objects = {

/* Begin PBXBuildFile section */
		BC27F96F25D6C88F004E492C /* CameraSwiftUIApp.swift in Sources */ = {isa = PBXBuildFile; fileRef = BC27F96E25D6C88F004E492C /* CameraSwiftUIApp.swift */; };
		BC27F97125D6C88F004E492C /* ContentView.swift in Sources */ = {isa = PBXBuildFile; fileRef = BC27F97025D6C88F004E492C /* ContentView.swift */; };
		BC27F97325D6C890004E492C /* Assets.xcassets in Resources */ = {isa = PBXBuildFile; fileRef = BC27F97225D6C890004E492C /* Assets.xcassets */; };
		BC27F97625D6C890004E492C /* Preview Assets.xcassets in Resources */ = {isa = PBXBuildFile; fileRef = BC27F97525D6C890004E492C /* Preview Assets.xcassets */; };
		BC27F98125D6C890004E492C /* CameraSwiftUITests.swift in Sources */ = {isa = PBXBuildFile; fileRef = BC27F98025D6C890004E492C /* CameraSwiftUITests.swift */; };
		BC27F98C25D6C890004E492C /* CameraSwiftUIUITests.swift in Sources */ = {isa = PBXBuildFile; fileRef = BC27F98B25D6C890004E492C /* CameraSwiftUIUITests.swift */; };
		BC27F99E25D6C9B6004E492C /* FriendDetailsView.swift in Sources */ = {isa = PBXBuildFile; fileRef = BC27F99D25D6C9B6004E492C /* FriendDetailsView.swift */; };
		BC27F9A725D6CF79004E492C /* FrendsView.swift in Sources */ = {isa = PBXBuildFile; fileRef = BC27F9A625D6CF79004E492C /* FrendsView.swift */; };
		BC27F9B625D6D184004E492C /* chincoteague@2x.jpg in Resources */ = {isa = PBXBuildFile; fileRef = BC27F9AC25D6D184004E492C /* chincoteague@2x.jpg */; };
		BC27F9B725D6D184004E492C /* chilkoottrail@2x.jpg in Resources */ = {isa = PBXBuildFile; fileRef = BC27F9AD25D6D184004E492C /* chilkoottrail@2x.jpg */; };
		BC27F9B825D6D184004E492C /* icybay@2x.jpg in Resources */ = {isa = PBXBuildFile; fileRef = BC27F9AE25D6D184004E492C /* icybay@2x.jpg */; };
		BC27F9B925D6D184004E492C /* silversalmoncreek@2x.jpg in Resources */ = {isa = PBXBuildFile; fileRef = BC27F9AF25D6D184004E492C /* silversalmoncreek@2x.jpg */; };
		BC27F9BA25D6D184004E492C /* stmarylake@2x.jpg in Resources */ = {isa = PBXBuildFile; fileRef = BC27F9B025D6D184004E492C /* stmarylake@2x.jpg */; };
		BC27F9BB25D6D184004E492C /* charleyrivers@2x.jpg in Resources */ = {isa = PBXBuildFile; fileRef = BC27F9B125D6D184004E492C /* charleyrivers@2x.jpg */; };
		BC27F9BC25D6D184004E492C /* twinlake@2x.jpg in Resources */ = {isa = PBXBuildFile; fileRef = BC27F9B225D6D184004E492C /* twinlake@2x.jpg */; };
		BC27F9BD25D6D184004E492C /* hiddenlake@2x.jpg in Resources */ = {isa = PBXBuildFile; fileRef = BC27F9B325D6D184004E492C /* hiddenlake@2x.jpg */; };
		BC27F9BE25D6D184004E492C /* rainbowlake@2x.jpg in Resources */ = {isa = PBXBuildFile; fileRef = BC27F9B425D6D184004E492C /* rainbowlake@2x.jpg */; };
		BC27F9BF25D6D184004E492C /* lakemcdonald@2x.jpg in Resources */ = {isa = PBXBuildFile; fileRef = BC27F9B525D6D184004E492C /* lakemcdonald@2x.jpg */; };
		BC27F9C425D6D9F6004E492C /* FriendRow.swift in Sources */ = {isa = PBXBuildFile; fileRef = BC27F9C325D6D9F6004E492C /* FriendRow.swift */; };
		BC724B5425DA98CD00D06700 /* CameraButtonView.swift in Sources */ = {isa = PBXBuildFile; fileRef = BC724B5325DA98CD00D06700 /* CameraButtonView.swift */; };
/* End PBXBuildFile section */

/* Begin PBXContainerItemProxy section */
		BC27F97D25D6C890004E492C /* PBXContainerItemProxy */ = {
			isa = PBXContainerItemProxy;
			containerPortal = BC27F96325D6C88F004E492C /* Project object */;
			proxyType = 1;
			remoteGlobalIDString = BC27F96A25D6C88F004E492C;
			remoteInfo = CameraSwiftUI;
		};
		BC27F98825D6C890004E492C /* PBXContainerItemProxy */ = {
			isa = PBXContainerItemProxy;
			containerPortal = BC27F96325D6C88F004E492C /* Project object */;
			proxyType = 1;
			remoteGlobalIDString = BC27F96A25D6C88F004E492C;
			remoteInfo = CameraSwiftUI;
		};
/* End PBXContainerItemProxy section */

/* Begin PBXFileReference section */
		BC27F96B25D6C88F004E492C /* CameraSwiftUI.app */ = {isa = PBXFileReference; explicitFileType = wrapper.application; includeInIndex = 0; path = CameraSwiftUI.app; sourceTree = BUILT_PRODUCTS_DIR; };
		BC27F96E25D6C88F004E492C /* CameraSwiftUIApp.swift */ = {isa = PBXFileReference; lastKnownFileType = sourcecode.swift; path = CameraSwiftUIApp.swift; sourceTree = "<group>"; };
		BC27F97025D6C88F004E492C /* ContentView.swift */ = {isa = PBXFileReference; lastKnownFileType = sourcecode.swift; path = ContentView.swift; sourceTree = "<group>"; };
		BC27F97225D6C890004E492C /* Assets.xcassets */ = {isa = PBXFileReference; lastKnownFileType = folder.assetcatalog; path = Assets.xcassets; sourceTree = "<group>"; };
		BC27F97525D6C890004E492C /* Preview Assets.xcassets */ = {isa = PBXFileReference; lastKnownFileType = folder.assetcatalog; path = "Preview Assets.xcassets"; sourceTree = "<group>"; };
		BC27F97725D6C890004E492C /* Info.plist */ = {isa = PBXFileReference; lastKnownFileType = text.plist.xml; path = Info.plist; sourceTree = "<group>"; };
		BC27F97C25D6C890004E492C /* CameraSwiftUITests.xctest */ = {isa = PBXFileReference; explicitFileType = wrapper.cfbundle; includeInIndex = 0; path = CameraSwiftUITests.xctest; sourceTree = BUILT_PRODUCTS_DIR; };
		BC27F98025D6C890004E492C /* CameraSwiftUITests.swift */ = {isa = PBXFileReference; lastKnownFileType = sourcecode.swift; path = CameraSwiftUITests.swift; sourceTree = "<group>"; };
		BC27F98225D6C890004E492C /* Info.plist */ = {isa = PBXFileReference; lastKnownFileType = text.plist.xml; path = Info.plist; sourceTree = "<group>"; };
		BC27F98725D6C890004E492C /* CameraSwiftUIUITests.xctest */ = {isa = PBXFileReference; explicitFileType = wrapper.cfbundle; includeInIndex = 0; path = CameraSwiftUIUITests.xctest; sourceTree = BUILT_PRODUCTS_DIR; };
		BC27F98B25D6C890004E492C /* CameraSwiftUIUITests.swift */ = {isa = PBXFileReference; lastKnownFileType = sourcecode.swift; path = CameraSwiftUIUITests.swift; sourceTree = "<group>"; };
		BC27F98D25D6C890004E492C /* Info.plist */ = {isa = PBXFileReference; lastKnownFileType = text.plist.xml; path = Info.plist; sourceTree = "<group>"; };
		BC27F99D25D6C9B6004E492C /* FriendDetailsView.swift */ = {isa = PBXFileReference; lastKnownFileType = sourcecode.swift; path = FriendDetailsView.swift; sourceTree = "<group>"; };
		BC27F9A625D6CF79004E492C /* FrendsView.swift */ = {isa = PBXFileReference; lastKnownFileType = sourcecode.swift; path = FrendsView.swift; sourceTree = "<group>"; };
		BC27F9AC25D6D184004E492C /* chincoteague@2x.jpg */ = {isa = PBXFileReference; lastKnownFileType = image.jpeg; path = "chincoteague@2x.jpg"; sourceTree = "<group>"; };
		BC27F9AD25D6D184004E492C /* chilkoottrail@2x.jpg */ = {isa = PBXFileReference; lastKnownFileType = image.jpeg; path = "chilkoottrail@2x.jpg"; sourceTree = "<group>"; };
		BC27F9AE25D6D184004E492C /* icybay@2x.jpg */ = {isa = PBXFileReference; lastKnownFileType = image.jpeg; path = "icybay@2x.jpg"; sourceTree = "<group>"; };
		BC27F9AF25D6D184004E492C /* silversalmoncreek@2x.jpg */ = {isa = PBXFileReference; lastKnownFileType = image.jpeg; path = "silversalmoncreek@2x.jpg"; sourceTree = "<group>"; };
		BC27F9B025D6D184004E492C /* stmarylake@2x.jpg */ = {isa = PBXFileReference; lastKnownFileType = image.jpeg; path = "stmarylake@2x.jpg"; sourceTree = "<group>"; };
		BC27F9B125D6D184004E492C /* charleyrivers@2x.jpg */ = {isa = PBXFileReference; lastKnownFileType = image.jpeg; path = "charleyrivers@2x.jpg"; sourceTree = "<group>"; };
		BC27F9B225D6D184004E492C /* twinlake@2x.jpg */ = {isa = PBXFileReference; lastKnownFileType = image.jpeg; path = "twinlake@2x.jpg"; sourceTree = "<group>"; };
		BC27F9B325D6D184004E492C /* hiddenlake@2x.jpg */ = {isa = PBXFileReference; lastKnownFileType = image.jpeg; path = "hiddenlake@2x.jpg"; sourceTree = "<group>"; };
		BC27F9B425D6D184004E492C /* rainbowlake@2x.jpg */ = {isa = PBXFileReference; lastKnownFileType = image.jpeg; path = "rainbowlake@2x.jpg"; sourceTree = "<group>"; };
		BC27F9B525D6D184004E492C /* lakemcdonald@2x.jpg */ = {isa = PBXFileReference; lastKnownFileType = image.jpeg; path = "lakemcdonald@2x.jpg"; sourceTree = "<group>"; };
		BC27F9C325D6D9F6004E492C /* FriendRow.swift */ = {isa = PBXFileReference; lastKnownFileType = sourcecode.swift; path = FriendRow.swift; sourceTree = "<group>"; };
		BC724B5325DA98CD00D06700 /* CameraButtonView.swift */ = {isa = PBXFileReference; lastKnownFileType = sourcecode.swift; path = CameraButtonView.swift; sourceTree = "<group>"; };
/* End PBXFileReference section */

/* Begin PBXFrameworksBuildPhase section */
		BC27F96825D6C88F004E492C /* Frameworks */ = {
			isa = PBXFrameworksBuildPhase;
			buildActionMask = 2147483647;
			files = (
			);
			runOnlyForDeploymentPostprocessing = 0;
		};
		BC27F97925D6C890004E492C /* Frameworks */ = {
			isa = PBXFrameworksBuildPhase;
			buildActionMask = 2147483647;
			files = (
			);
			runOnlyForDeploymentPostprocessing = 0;
		};
		BC27F98425D6C890004E492C /* Frameworks */ = {
			isa = PBXFrameworksBuildPhase;
			buildActionMask = 2147483647;
			files = (
			);
			runOnlyForDeploymentPostprocessing = 0;
		};
/* End PBXFrameworksBuildPhase section */

/* Begin PBXGroup section */
		BC27F96225D6C88F004E492C = {
			isa = PBXGroup;
			children = (
				BC27F96D25D6C88F004E492C /* CameraSwiftUI */,
				BC27F97F25D6C890004E492C /* CameraSwiftUITests */,
				BC27F98A25D6C890004E492C /* CameraSwiftUIUITests */,
				BC27F96C25D6C88F004E492C /* Products */,
			);
			sourceTree = "<group>";
		};
		BC27F96C25D6C88F004E492C /* Products */ = {
			isa = PBXGroup;
			children = (
				BC27F96B25D6C88F004E492C /* CameraSwiftUI.app */,
				BC27F97C25D6C890004E492C /* CameraSwiftUITests.xctest */,
				BC27F98725D6C890004E492C /* CameraSwiftUIUITests.xctest */,
			);
			name = Products;
			sourceTree = "<group>";
		};
		BC27F96D25D6C88F004E492C /* CameraSwiftUI */ = {
			isa = PBXGroup;
			children = (
				BC27F9AB25D6D170004E492C /* Images */,
				BC27F99C25D6C93F004E492C /* Views */,
				BC27F96E25D6C88F004E492C /* CameraSwiftUIApp.swift */,
				BC27F97025D6C88F004E492C /* ContentView.swift */,
				BC27F97225D6C890004E492C /* Assets.xcassets */,
				BC27F97725D6C890004E492C /* Info.plist */,
				BC27F97425D6C890004E492C /* Preview Content */,
			);
			path = CameraSwiftUI;
			sourceTree = "<group>";
		};
		BC27F97425D6C890004E492C /* Preview Content */ = {
			isa = PBXGroup;
			children = (
				BC27F97525D6C890004E492C /* Preview Assets.xcassets */,
			);
			path = "Preview Content";
			sourceTree = "<group>";
		};
		BC27F97F25D6C890004E492C /* CameraSwiftUITests */ = {
			isa = PBXGroup;
			children = (
				BC27F98025D6C890004E492C /* CameraSwiftUITests.swift */,
				BC27F98225D6C890004E492C /* Info.plist */,
			);
			path = CameraSwiftUITests;
			sourceTree = "<group>";
		};
		BC27F98A25D6C890004E492C /* CameraSwiftUIUITests */ = {
			isa = PBXGroup;
			children = (
				BC27F98B25D6C890004E492C /* CameraSwiftUIUITests.swift */,
				BC27F98D25D6C890004E492C /* Info.plist */,
			);
			path = CameraSwiftUIUITests;
			sourceTree = "<group>";
		};
		BC27F99C25D6C93F004E492C /* Views */ = {
			isa = PBXGroup;
			children = (
				BC27F99D25D6C9B6004E492C /* FriendDetailsView.swift */,
				BC27F9A625D6CF79004E492C /* FrendsView.swift */,
				BC27F9C325D6D9F6004E492C /* FriendRow.swift */,
				BC724B5325DA98CD00D06700 /* CameraButtonView.swift */,
			);
			path = Views;
			sourceTree = "<group>";
		};
		BC27F9AB25D6D170004E492C /* Images */ = {
			isa = PBXGroup;
			children = (
				BC27F9B125D6D184004E492C /* charleyrivers@2x.jpg */,
				BC27F9AD25D6D184004E492C /* chilkoottrail@2x.jpg */,
				BC27F9AC25D6D184004E492C /* chincoteague@2x.jpg */,
				BC27F9B325D6D184004E492C /* hiddenlake@2x.jpg */,
				BC27F9AE25D6D184004E492C /* icybay@2x.jpg */,
				BC27F9B525D6D184004E492C /* lakemcdonald@2x.jpg */,
				BC27F9B425D6D184004E492C /* rainbowlake@2x.jpg */,
				BC27F9AF25D6D184004E492C /* silversalmoncreek@2x.jpg */,
				BC27F9B025D6D184004E492C /* stmarylake@2x.jpg */,
				BC27F9B225D6D184004E492C /* twinlake@2x.jpg */,
			);
			path = Images;
			sourceTree = "<group>";
		};
/* End PBXGroup section */

/* Begin PBXNativeTarget section */
		BC27F96A25D6C88F004E492C /* CameraSwiftUI */ = {
			isa = PBXNativeTarget;
			buildConfigurationList = BC27F99025D6C890004E492C /* Build configuration list for PBXNativeTarget "CameraSwiftUI" */;
			buildPhases = (
				BC27F96725D6C88F004E492C /* Sources */,
				BC27F96825D6C88F004E492C /* Frameworks */,
				BC27F96925D6C88F004E492C /* Resources */,
			);
			buildRules = (
			);
			dependencies = (
			);
			name = CameraSwiftUI;
			productName = CameraSwiftUI;
			productReference = BC27F96B25D6C88F004E492C /* CameraSwiftUI.app */;
			productType = "com.apple.product-type.application";
		};
		BC27F97B25D6C890004E492C /* CameraSwiftUITests */ = {
			isa = PBXNativeTarget;
			buildConfigurationList = BC27F99325D6C890004E492C /* Build configuration list for PBXNativeTarget "CameraSwiftUITests" */;
			buildPhases = (
				BC27F97825D6C890004E492C /* Sources */,
				BC27F97925D6C890004E492C /* Frameworks */,
				BC27F97A25D6C890004E492C /* Resources */,
			);
			buildRules = (
			);
			dependencies = (
				BC27F97E25D6C890004E492C /* PBXTargetDependency */,
			);
			name = CameraSwiftUITests;
			productName = CameraSwiftUITests;
			productReference = BC27F97C25D6C890004E492C /* CameraSwiftUITests.xctest */;
			productType = "com.apple.product-type.bundle.unit-test";
		};
		BC27F98625D6C890004E492C /* CameraSwiftUIUITests */ = {
			isa = PBXNativeTarget;
			buildConfigurationList = BC27F99625D6C890004E492C /* Build configuration list for PBXNativeTarget "CameraSwiftUIUITests" */;
			buildPhases = (
				BC27F98325D6C890004E492C /* Sources */,
				BC27F98425D6C890004E492C /* Frameworks */,
				BC27F98525D6C890004E492C /* Resources */,
			);
			buildRules = (
			);
			dependencies = (
				BC27F98925D6C890004E492C /* PBXTargetDependency */,
			);
			name = CameraSwiftUIUITests;
			productName = CameraSwiftUIUITests;
			productReference = BC27F98725D6C890004E492C /* CameraSwiftUIUITests.xctest */;
			productType = "com.apple.product-type.bundle.ui-testing";
		};
/* End PBXNativeTarget section */

/* Begin PBXProject section */
		BC27F96325D6C88F004E492C /* Project object */ = {
			isa = PBXProject;
			attributes = {
				LastSwiftUpdateCheck = 1240;
				LastUpgradeCheck = 1240;
				TargetAttributes = {
					BC27F96A25D6C88F004E492C = {
						CreatedOnToolsVersion = 12.4;
					};
					BC27F97B25D6C890004E492C = {
						CreatedOnToolsVersion = 12.4;
						TestTargetID = BC27F96A25D6C88F004E492C;
					};
					BC27F98625D6C890004E492C = {
						CreatedOnToolsVersion = 12.4;
						TestTargetID = BC27F96A25D6C88F004E492C;
					};
				};
			};
			buildConfigurationList = BC27F96625D6C88F004E492C /* Build configuration list for PBXProject "CameraSwiftUI" */;
			compatibilityVersion = "Xcode 9.3";
			developmentRegion = en;
			hasScannedForEncodings = 0;
			knownRegions = (
				en,
				Base,
			);
			mainGroup = BC27F96225D6C88F004E492C;
			productRefGroup = BC27F96C25D6C88F004E492C /* Products */;
			projectDirPath = "";
			projectRoot = "";
			targets = (
				BC27F96A25D6C88F004E492C /* CameraSwiftUI */,
				BC27F97B25D6C890004E492C /* CameraSwiftUITests */,
				BC27F98625D6C890004E492C /* CameraSwiftUIUITests */,
			);
		};
/* End PBXProject section */

/* Begin PBXResourcesBuildPhase section */
		BC27F96925D6C88F004E492C /* Resources */ = {
			isa = PBXResourcesBuildPhase;
			buildActionMask = 2147483647;
			files = (
				BC27F9BB25D6D184004E492C /* charleyrivers@2x.jpg in Resources */,
				BC27F9BD25D6D184004E492C /* hiddenlake@2x.jpg in Resources */,
				BC27F97625D6C890004E492C /* Preview Assets.xcassets in Resources */,
				BC27F9B825D6D184004E492C /* icybay@2x.jpg in Resources */,
				BC27F9BC25D6D184004E492C /* twinlake@2x.jpg in Resources */,
				BC27F9B925D6D184004E492C /* silversalmoncreek@2x.jpg in Resources */,
				BC27F97325D6C890004E492C /* Assets.xcassets in Resources */,
				BC27F9BE25D6D184004E492C /* rainbowlake@2x.jpg in Resources */,
				BC27F9B725D6D184004E492C /* chilkoottrail@2x.jpg in Resources */,
				BC27F9BA25D6D184004E492C /* stmarylake@2x.jpg in Resources */,
				BC27F9B625D6D184004E492C /* chincoteague@2x.jpg in Resources */,
				BC27F9BF25D6D184004E492C /* lakemcdonald@2x.jpg in Resources */,
			);
			runOnlyForDeploymentPostprocessing = 0;
		};
		BC27F97A25D6C890004E492C /* Resources */ = {
			isa = PBXResourcesBuildPhase;
			buildActionMask = 2147483647;
			files = (
			);
			runOnlyForDeploymentPostprocessing = 0;
		};
		BC27F98525D6C890004E492C /* Resources */ = {
			isa = PBXResourcesBuildPhase;
			buildActionMask = 2147483647;
			files = (
			);
			runOnlyForDeploymentPostprocessing = 0;
		};
/* End PBXResourcesBuildPhase section */

/* Begin PBXSourcesBuildPhase section */
		BC27F96725D6C88F004E492C /* Sources */ = {
			isa = PBXSourcesBuildPhase;
			buildActionMask = 2147483647;
			files = (
				BC27F9A725D6CF79004E492C /* FrendsView.swift in Sources */,
				BC27F99E25D6C9B6004E492C /* FriendDetailsView.swift in Sources */,
				BC27F9C425D6D9F6004E492C /* FriendRow.swift in Sources */,
				BC724B5425DA98CD00D06700 /* CameraButtonView.swift in Sources */,
				BC27F97125D6C88F004E492C /* ContentView.swift in Sources */,
				BC27F96F25D6C88F004E492C /* CameraSwiftUIApp.swift in Sources */,
			);
			runOnlyForDeploymentPostprocessing = 0;
		};
		BC27F97825D6C890004E492C /* Sources */ = {
			isa = PBXSourcesBuildPhase;
			buildActionMask = 2147483647;
			files = (
				BC27F98125D6C890004E492C /* CameraSwiftUITests.swift in Sources */,
			);
			runOnlyForDeploymentPostprocessing = 0;
		};
		BC27F98325D6C890004E492C /* Sources */ = {
			isa = PBXSourcesBuildPhase;
			buildActionMask = 2147483647;
			files = (
				BC27F98C25D6C890004E492C /* CameraSwiftUIUITests.swift in Sources */,
			);
			runOnlyForDeploymentPostprocessing = 0;
		};
/* End PBXSourcesBuildPhase section */

/* Begin PBXTargetDependency section */
		BC27F97E25D6C890004E492C /* PBXTargetDependency */ = {
			isa = PBXTargetDependency;
			target = BC27F96A25D6C88F004E492C /* CameraSwiftUI */;
			targetProxy = BC27F97D25D6C890004E492C /* PBXContainerItemProxy */;
		};
		BC27F98925D6C890004E492C /* PBXTargetDependency */ = {
			isa = PBXTargetDependency;
			target = BC27F96A25D6C88F004E492C /* CameraSwiftUI */;
			targetProxy = BC27F98825D6C890004E492C /* PBXContainerItemProxy */;
		};
/* End PBXTargetDependency section */

/* Begin XCBuildConfiguration section */
		BC27F98E25D6C890004E492C /* Debug */ = {
			isa = XCBuildConfiguration;
			buildSettings = {
				ALWAYS_SEARCH_USER_PATHS = NO;
				CLANG_ANALYZER_NONNULL = YES;
				CLANG_ANALYZER_NUMBER_OBJECT_CONVERSION = YES_AGGRESSIVE;
				CLANG_CXX_LANGUAGE_STANDARD = "gnu++14";
				CLANG_CXX_LIBRARY = "libc++";
				CLANG_ENABLE_MODULES = YES;
				CLANG_ENABLE_OBJC_ARC = YES;
				CLANG_ENABLE_OBJC_WEAK = YES;
				CLANG_WARN_BLOCK_CAPTURE_AUTORELEASING = YES;
				CLANG_WARN_BOOL_CONVERSION = YES;
				CLANG_WARN_COMMA = YES;
				CLANG_WARN_CONSTANT_CONVERSION = YES;
				CLANG_WARN_DEPRECATED_OBJC_IMPLEMENTATIONS = YES;
				CLANG_WARN_DIRECT_OBJC_ISA_USAGE = YES_ERROR;
				CLANG_WARN_DOCUMENTATION_COMMENTS = YES;
				CLANG_WARN_EMPTY_BODY = YES;
				CLANG_WARN_ENUM_CONVERSION = YES;
				CLANG_WARN_INFINITE_RECURSION = YES;
				CLANG_WARN_INT_CONVERSION = YES;
				CLANG_WARN_NON_LITERAL_NULL_CONVERSION = YES;
				CLANG_WARN_OBJC_IMPLICIT_RETAIN_SELF = YES;
				CLANG_WARN_OBJC_LITERAL_CONVERSION = YES;
				CLANG_WARN_OBJC_ROOT_CLASS = YES_ERROR;
				CLANG_WARN_QUOTED_INCLUDE_IN_FRAMEWORK_HEADER = YES;
				CLANG_WARN_RANGE_LOOP_ANALYSIS = YES;
				CLANG_WARN_STRICT_PROTOTYPES = YES;
				CLANG_WARN_SUSPICIOUS_MOVE = YES;
				CLANG_WARN_UNGUARDED_AVAILABILITY = YES_AGGRESSIVE;
				CLANG_WARN_UNREACHABLE_CODE = YES;
				CLANG_WARN__DUPLICATE_METHOD_MATCH = YES;
				COPY_PHASE_STRIP = NO;
				DEBUG_INFORMATION_FORMAT = dwarf;
				ENABLE_STRICT_OBJC_MSGSEND = YES;
				ENABLE_TESTABILITY = YES;
				GCC_C_LANGUAGE_STANDARD = gnu11;
				GCC_DYNAMIC_NO_PIC = NO;
				GCC_NO_COMMON_BLOCKS = YES;
				GCC_OPTIMIZATION_LEVEL = 0;
				GCC_PREPROCESSOR_DEFINITIONS = (
					"DEBUG=1",
					"$(inherited)",
				);
				GCC_WARN_64_TO_32_BIT_CONVERSION = YES;
				GCC_WARN_ABOUT_RETURN_TYPE = YES_ERROR;
				GCC_WARN_UNDECLARED_SELECTOR = YES;
				GCC_WARN_UNINITIALIZED_AUTOS = YES_AGGRESSIVE;
				GCC_WARN_UNUSED_FUNCTION = YES;
				GCC_WARN_UNUSED_VARIABLE = YES;
				IPHONEOS_DEPLOYMENT_TARGET = 14.4;
				MTL_ENABLE_DEBUG_INFO = INCLUDE_SOURCE;
				MTL_FAST_MATH = YES;
				ONLY_ACTIVE_ARCH = YES;
				SDKROOT = iphoneos;
				SWIFT_ACTIVE_COMPILATION_CONDITIONS = DEBUG;
				SWIFT_OPTIMIZATION_LEVEL = "-Onone";
			};
			name = Debug;
		};
		BC27F98F25D6C890004E492C /* Release */ = {
			isa = XCBuildConfiguration;
			buildSettings = {
				ALWAYS_SEARCH_USER_PATHS = NO;
				CLANG_ANALYZER_NONNULL = YES;
				CLANG_ANALYZER_NUMBER_OBJECT_CONVERSION = YES_AGGRESSIVE;
				CLANG_CXX_LANGUAGE_STANDARD = "gnu++14";
				CLANG_CXX_LIBRARY = "libc++";
				CLANG_ENABLE_MODULES = YES;
				CLANG_ENABLE_OBJC_ARC = YES;
				CLANG_ENABLE_OBJC_WEAK = YES;
				CLANG_WARN_BLOCK_CAPTURE_AUTORELEASING = YES;
				CLANG_WARN_BOOL_CONVERSION = YES;
				CLANG_WARN_COMMA = YES;
				CLANG_WARN_CONSTANT_CONVERSION = YES;
				CLANG_WARN_DEPRECATED_OBJC_IMPLEMENTATIONS = YES;
				CLANG_WARN_DIRECT_OBJC_ISA_USAGE = YES_ERROR;
				CLANG_WARN_DOCUMENTATION_COMMENTS = YES;
				CLANG_WARN_EMPTY_BODY = YES;
				CLANG_WARN_ENUM_CONVERSION = YES;
				CLANG_WARN_INFINITE_RECURSION = YES;
				CLANG_WARN_INT_CONVERSION = YES;
				CLANG_WARN_NON_LITERAL_NULL_CONVERSION = YES;
				CLANG_WARN_OBJC_IMPLICIT_RETAIN_SELF = YES;
				CLANG_WARN_OBJC_LITERAL_CONVERSION = YES;
				CLANG_WARN_OBJC_ROOT_CLASS = YES_ERROR;
				CLANG_WARN_QUOTED_INCLUDE_IN_FRAMEWORK_HEADER = YES;
				CLANG_WARN_RANGE_LOOP_ANALYSIS = YES;
				CLANG_WARN_STRICT_PROTOTYPES = YES;
				CLANG_WARN_SUSPICIOUS_MOVE = YES;
				CLANG_WARN_UNGUARDED_AVAILABILITY = YES_AGGRESSIVE;
				CLANG_WARN_UNREACHABLE_CODE = YES;
				CLANG_WARN__DUPLICATE_METHOD_MATCH = YES;
				COPY_PHASE_STRIP = NO;
				DEBUG_INFORMATION_FORMAT = "dwarf-with-dsym";
				ENABLE_NS_ASSERTIONS = NO;
				ENABLE_STRICT_OBJC_MSGSEND = YES;
				GCC_C_LANGUAGE_STANDARD = gnu11;
				GCC_NO_COMMON_BLOCKS = YES;
				GCC_WARN_64_TO_32_BIT_CONVERSION = YES;
				GCC_WARN_ABOUT_RETURN_TYPE = YES_ERROR;
				GCC_WARN_UNDECLARED_SELECTOR = YES;
				GCC_WARN_UNINITIALIZED_AUTOS = YES_AGGRESSIVE;
				GCC_WARN_UNUSED_FUNCTION = YES;
				GCC_WARN_UNUSED_VARIABLE = YES;
				IPHONEOS_DEPLOYMENT_TARGET = 14.4;
				MTL_ENABLE_DEBUG_INFO = NO;
				MTL_FAST_MATH = YES;
				SDKROOT = iphoneos;
				SWIFT_COMPILATION_MODE = wholemodule;
				SWIFT_OPTIMIZATION_LEVEL = "-O";
				VALIDATE_PRODUCT = YES;
			};
			name = Release;
		};
		BC27F99125D6C890004E492C /* Debug */ = {
			isa = XCBuildConfiguration;
			buildSettings = {
				ASSETCATALOG_COMPILER_APPICON_NAME = AppIcon;
				ASSETCATALOG_COMPILER_GLOBAL_ACCENT_COLOR_NAME = AccentColor;
				CODE_SIGN_STYLE = Automatic;
				DEVELOPMENT_ASSET_PATHS = "\"CameraSwiftUI/Preview Content\"";
				ENABLE_PREVIEWS = YES;
				INFOPLIST_FILE = CameraSwiftUI/Info.plist;
				IPHONEOS_DEPLOYMENT_TARGET = 14.0;
				LD_RUNPATH_SEARCH_PATHS = (
					"$(inherited)",
					"@executable_path/Frameworks",
				);
				PRODUCT_BUNDLE_IDENTIFIER = "LAB-UAS.CameraSwiftUI";
				PRODUCT_NAME = "$(TARGET_NAME)";
				SWIFT_VERSION = 5.0;
				TARGETED_DEVICE_FAMILY = "1,2";
			};
			name = Debug;
		};
		BC27F99225D6C890004E492C /* Release */ = {
			isa = XCBuildConfiguration;
			buildSettings = {
				ASSETCATALOG_COMPILER_APPICON_NAME = AppIcon;
				ASSETCATALOG_COMPILER_GLOBAL_ACCENT_COLOR_NAME = AccentColor;
				CODE_SIGN_STYLE = Automatic;
				DEVELOPMENT_ASSET_PATHS = "\"CameraSwiftUI/Preview Content\"";
				ENABLE_PREVIEWS = YES;
				INFOPLIST_FILE = CameraSwiftUI/Info.plist;
				IPHONEOS_DEPLOYMENT_TARGET = 14.0;
				LD_RUNPATH_SEARCH_PATHS = (
					"$(inherited)",
					"@executable_path/Frameworks",
				);
				PRODUCT_BUNDLE_IDENTIFIER = "LAB-UAS.CameraSwiftUI";
				PRODUCT_NAME = "$(TARGET_NAME)";
				SWIFT_VERSION = 5.0;
				TARGETED_DEVICE_FAMILY = "1,2";
			};
			name = Release;
		};
		BC27F99425D6C890004E492C /* Debug */ = {
			isa = XCBuildConfiguration;
			buildSettings = {
				ALWAYS_EMBED_SWIFT_STANDARD_LIBRARIES = YES;
				BUNDLE_LOADER = "$(TEST_HOST)";
				CODE_SIGN_STYLE = Automatic;
				INFOPLIST_FILE = CameraSwiftUITests/Info.plist;
				IPHONEOS_DEPLOYMENT_TARGET = 14.0;
				LD_RUNPATH_SEARCH_PATHS = (
					"$(inherited)",
					"@executable_path/Frameworks",
					"@loader_path/Frameworks",
				);
				PRODUCT_BUNDLE_IDENTIFIER = "LAB-UAS.CameraSwiftUITests";
				PRODUCT_NAME = "$(TARGET_NAME)";
				SWIFT_VERSION = 5.0;
				TARGETED_DEVICE_FAMILY = "1,2";
				TEST_HOST = "$(BUILT_PRODUCTS_DIR)/CameraSwiftUI.app/CameraSwiftUI";
			};
			name = Debug;
		};
		BC27F99525D6C890004E492C /* Release */ = {
			isa = XCBuildConfiguration;
			buildSettings = {
				ALWAYS_EMBED_SWIFT_STANDARD_LIBRARIES = YES;
				BUNDLE_LOADER = "$(TEST_HOST)";
				CODE_SIGN_STYLE = Automatic;
				INFOPLIST_FILE = CameraSwiftUITests/Info.plist;
				IPHONEOS_DEPLOYMENT_TARGET = 14.0;
				LD_RUNPATH_SEARCH_PATHS = (
					"$(inherited)",
					"@executable_path/Frameworks",
					"@loader_path/Frameworks",
				);
				PRODUCT_BUNDLE_IDENTIFIER = "LAB-UAS.CameraSwiftUITests";
				PRODUCT_NAME = "$(TARGET_NAME)";
				SWIFT_VERSION = 5.0;
				TARGETED_DEVICE_FAMILY = "1,2";
				TEST_HOST = "$(BUILT_PRODUCTS_DIR)/CameraSwiftUI.app/CameraSwiftUI";
			};
			name = Release;
		};
		BC27F99725D6C890004E492C /* Debug */ = {
			isa = XCBuildConfiguration;
			buildSettings = {
				ALWAYS_EMBED_SWIFT_STANDARD_LIBRARIES = YES;
				CODE_SIGN_STYLE = Automatic;
				INFOPLIST_FILE = CameraSwiftUIUITests/Info.plist;
				LD_RUNPATH_SEARCH_PATHS = (
					"$(inherited)",
					"@executable_path/Frameworks",
					"@loader_path/Frameworks",
				);
				PRODUCT_BUNDLE_IDENTIFIER = "LAB-UAS.CameraSwiftUIUITests";
				PRODUCT_NAME = "$(TARGET_NAME)";
				SWIFT_VERSION = 5.0;
				TARGETED_DEVICE_FAMILY = "1,2";
				TEST_TARGET_NAME = CameraSwiftUI;
			};
			name = Debug;
		};
		BC27F99825D6C890004E492C /* Release */ = {
			isa = XCBuildConfiguration;
			buildSettings = {
				ALWAYS_EMBED_SWIFT_STANDARD_LIBRARIES = YES;
				CODE_SIGN_STYLE = Automatic;
				INFOPLIST_FILE = CameraSwiftUIUITests/Info.plist;
				LD_RUNPATH_SEARCH_PATHS = (
					"$(inherited)",
					"@executable_path/Frameworks",
					"@loader_path/Frameworks",
				);
				PRODUCT_BUNDLE_IDENTIFIER = "LAB-UAS.CameraSwiftUIUITests";
				PRODUCT_NAME = "$(TARGET_NAME)";
				SWIFT_VERSION = 5.0;
				TARGETED_DEVICE_FAMILY = "1,2";
				TEST_TARGET_NAME = CameraSwiftUI;
			};
			name = Release;
		};
/* End XCBuildConfiguration section */

/* Begin XCConfigurationList section */
		BC27F96625D6C88F004E492C /* Build configuration list for PBXProject "CameraSwiftUI" */ = {
			isa = XCConfigurationList;
			buildConfigurations = (
				BC27F98E25D6C890004E492C /* Debug */,
				BC27F98F25D6C890004E492C /* Release */,
			);
			defaultConfigurationIsVisible = 0;
			defaultConfigurationName = Release;
		};
		BC27F99025D6C890004E492C /* Build configuration list for PBXNativeTarget "CameraSwiftUI" */ = {
			isa = XCConfigurationList;
			buildConfigurations = (
				BC27F99125D6C890004E492C /* Debug */,
				BC27F99225D6C890004E492C /* Release */,
			);
			defaultConfigurationIsVisible = 0;
			defaultConfigurationName = Release;
		};
		BC27F99325D6C890004E492C /* Build configuration list for PBXNativeTarget "CameraSwiftUITests" */ = {
			isa = XCConfigurationList;
			buildConfigurations = (
				BC27F99425D6C890004E492C /* Debug */,
				BC27F99525D6C890004E492C /* Release */,
			);
			defaultConfigurationIsVisible = 0;
			defaultConfigurationName = Release;
		};
		BC27F99625D6C890004E492C /* Build configuration list for PBXNativeTarget "CameraSwiftUIUITests" */ = {
			isa = XCConfigurationList;
			buildConfigurations = (
				BC27F99725D6C890004E492C /* Debug */,
				BC27F99825D6C890004E492C /* Release */,
			);
			defaultConfigurationIsVisible = 0;
			defaultConfigurationName = Release;
		};
/* End XCConfigurationList section */
	};
	rootObject = BC27F96325D6C88F004E492C /* Project object */;
}
