// !$*UTF8*$!
{
	archiveVersion = 1;
	classes = {
	};
	objectVersion = 50;
	objects = {

/* Begin PBXBuildFile section */
		BC4C0DE825B09B0400A986B2 /* FavoriteButton.swift in Sources */ = {isa = PBXBuildFile; fileRef = BC4C0DE725B09B0400A986B2 /* FavoriteButton.swift */; };
		BCE255CC25AC48AC00CF6E21 /* Tests_iOS.swift in Sources */ = {isa = PBXBuildFile; fileRef = BCE255CB25AC48AC00CF6E21 /* Tests_iOS.swift */; };
		BCE255D725AC48AC00CF6E21 /* Tests_macOS.swift in Sources */ = {isa = PBXBuildFile; fileRef = BCE255D625AC48AC00CF6E21 /* Tests_macOS.swift */; };
		BCE255D925AC48AC00CF6E21 /* landmarkApp.swift in Sources */ = {isa = PBXBuildFile; fileRef = BCE255B025AC48AB00CF6E21 /* landmarkApp.swift */; };
		BCE255DA25AC48AC00CF6E21 /* landmarkApp.swift in Sources */ = {isa = PBXBuildFile; fileRef = BCE255B025AC48AB00CF6E21 /* landmarkApp.swift */; };
		BCE255DB25AC48AC00CF6E21 /* ContentView.swift in Sources */ = {isa = PBXBuildFile; fileRef = BCE255B125AC48AB00CF6E21 /* ContentView.swift */; };
		BCE255DC25AC48AC00CF6E21 /* ContentView.swift in Sources */ = {isa = PBXBuildFile; fileRef = BCE255B125AC48AB00CF6E21 /* ContentView.swift */; };
		BCE255DD25AC48AC00CF6E21 /* Assets.xcassets in Resources */ = {isa = PBXBuildFile; fileRef = BCE255B225AC48AC00CF6E21 /* Assets.xcassets */; };
		BCE255DE25AC48AC00CF6E21 /* Assets.xcassets in Resources */ = {isa = PBXBuildFile; fileRef = BCE255B225AC48AC00CF6E21 /* Assets.xcassets */; };
		BCE255F225AC61AC00CF6E21 /* Landmark.swift in Sources */ = {isa = PBXBuildFile; fileRef = BCE255F125AC61AC00CF6E21 /* Landmark.swift */; };
		BCE255F325AC61AC00CF6E21 /* Landmark.swift in Sources */ = {isa = PBXBuildFile; fileRef = BCE255F125AC61AC00CF6E21 /* Landmark.swift */; };
		BCE255F925AC64AB00CF6E21 /* landmarkData.json in Resources */ = {isa = PBXBuildFile; fileRef = BCE255F825AC64AB00CF6E21 /* landmarkData.json */; };
		BCE255FA25AC64AB00CF6E21 /* landmarkData.json in Resources */ = {isa = PBXBuildFile; fileRef = BCE255F825AC64AB00CF6E21 /* landmarkData.json */; };
		BCE2560F25AC65F700CF6E21 /* LICENSE.txt in Resources */ = {isa = PBXBuildFile; fileRef = BCE2560125AC65F700CF6E21 /* LICENSE.txt */; };
		BCE2561025AC65F700CF6E21 /* umbagog@2x.jpg in Resources */ = {isa = PBXBuildFile; fileRef = BCE2560325AC65F700CF6E21 /* umbagog@2x.jpg */; };
		BCE2561125AC65F700CF6E21 /* twinlake@2x.jpg in Resources */ = {isa = PBXBuildFile; fileRef = BCE2560425AC65F700CF6E21 /* twinlake@2x.jpg */; };
		BCE2561225AC65F700CF6E21 /* chincoteague@2x.jpg in Resources */ = {isa = PBXBuildFile; fileRef = BCE2560525AC65F700CF6E21 /* chincoteague@2x.jpg */; };
		BCE2561325AC65F700CF6E21 /* lakemcdonald@2x.jpg in Resources */ = {isa = PBXBuildFile; fileRef = BCE2560625AC65F700CF6E21 /* lakemcdonald@2x.jpg */; };
		BCE2561425AC65F700CF6E21 /* silversalmoncreek@2x.jpg in Resources */ = {isa = PBXBuildFile; fileRef = BCE2560725AC65F700CF6E21 /* silversalmoncreek@2x.jpg */; };
		BCE2561525AC65F700CF6E21 /* icybay@2x.jpg in Resources */ = {isa = PBXBuildFile; fileRef = BCE2560825AC65F700CF6E21 /* icybay@2x.jpg */; };
		BCE2561625AC65F700CF6E21 /* hiddenlake@2x.jpg in Resources */ = {isa = PBXBuildFile; fileRef = BCE2560925AC65F700CF6E21 /* hiddenlake@2x.jpg */; };
		BCE2561725AC65F700CF6E21 /* chilkoottrail@2x.jpg in Resources */ = {isa = PBXBuildFile; fileRef = BCE2560A25AC65F700CF6E21 /* chilkoottrail@2x.jpg */; };
		BCE2561825AC65F700CF6E21 /* stmarylake@2x.jpg in Resources */ = {isa = PBXBuildFile; fileRef = BCE2560B25AC65F700CF6E21 /* stmarylake@2x.jpg */; };
		BCE2561925AC65F700CF6E21 /* charleyrivers@2x.jpg in Resources */ = {isa = PBXBuildFile; fileRef = BCE2560C25AC65F700CF6E21 /* charleyrivers@2x.jpg */; };
		BCE2561A25AC65F700CF6E21 /* rainbowlake@2x.jpg in Resources */ = {isa = PBXBuildFile; fileRef = BCE2560D25AC65F700CF6E21 /* rainbowlake@2x.jpg */; };
		BCE2562125AC67C100CF6E21 /* ModelData.swift in Sources */ = {isa = PBXBuildFile; fileRef = BCE2562025AC67C100CF6E21 /* ModelData.swift */; };
		BCE2562925AC6A1400CF6E21 /* ModelData.swift in Sources */ = {isa = PBXBuildFile; fileRef = BCE2562025AC67C100CF6E21 /* ModelData.swift */; };
		BCE2563325AC6A9800CF6E21 /* LandmarkRow.swift in Sources */ = {isa = PBXBuildFile; fileRef = BCE2563225AC6A9800CF6E21 /* LandmarkRow.swift */; };
		BCE2564925AC7A1300CF6E21 /* LandmarkList.swift in Sources */ = {isa = PBXBuildFile; fileRef = BCE2564825AC7A1300CF6E21 /* LandmarkList.swift */; };
		BCE2564F25AC7C7700CF6E21 /* LandmarkDetail.swift in Sources */ = {isa = PBXBuildFile; fileRef = BCE2564E25AC7C7700CF6E21 /* LandmarkDetail.swift */; };
		BCE2565B25AC7F4500CF6E21 /* MapView.swift in Sources */ = {isa = PBXBuildFile; fileRef = BCE2565A25AC7F4500CF6E21 /* MapView.swift */; };
		BCE2566A25AC812F00CF6E21 /* CircleImage.swift in Sources */ = {isa = PBXBuildFile; fileRef = BCE2566925AC812F00CF6E21 /* CircleImage.swift */; };
/* End PBXBuildFile section */

/* Begin PBXContainerItemProxy section */
		BCE255C825AC48AC00CF6E21 /* PBXContainerItemProxy */ = {
			isa = PBXContainerItemProxy;
			containerPortal = BCE255AB25AC48AB00CF6E21 /* Project object */;
			proxyType = 1;
			remoteGlobalIDString = BCE255B625AC48AC00CF6E21;
			remoteInfo = "landmark (iOS)";
		};
		BCE255D325AC48AC00CF6E21 /* PBXContainerItemProxy */ = {
			isa = PBXContainerItemProxy;
			containerPortal = BCE255AB25AC48AB00CF6E21 /* Project object */;
			proxyType = 1;
			remoteGlobalIDString = BCE255BE25AC48AC00CF6E21;
			remoteInfo = "landmark (macOS)";
		};
/* End PBXContainerItemProxy section */

/* Begin PBXFileReference section */
		BC4C0DE725B09B0400A986B2 /* FavoriteButton.swift */ = {isa = PBXFileReference; lastKnownFileType = sourcecode.swift; path = FavoriteButton.swift; sourceTree = "<group>"; };
		BCE255B025AC48AB00CF6E21 /* landmarkApp.swift */ = {isa = PBXFileReference; lastKnownFileType = sourcecode.swift; path = landmarkApp.swift; sourceTree = "<group>"; };
		BCE255B125AC48AB00CF6E21 /* ContentView.swift */ = {isa = PBXFileReference; lastKnownFileType = sourcecode.swift; path = ContentView.swift; sourceTree = "<group>"; };
		BCE255B225AC48AC00CF6E21 /* Assets.xcassets */ = {isa = PBXFileReference; lastKnownFileType = folder.assetcatalog; path = Assets.xcassets; sourceTree = "<group>"; };
		BCE255B725AC48AC00CF6E21 /* landmark.app */ = {isa = PBXFileReference; explicitFileType = wrapper.application; includeInIndex = 0; path = landmark.app; sourceTree = BUILT_PRODUCTS_DIR; };
		BCE255BA25AC48AC00CF6E21 /* Info.plist */ = {isa = PBXFileReference; lastKnownFileType = text.plist.xml; path = Info.plist; sourceTree = "<group>"; };
		BCE255BF25AC48AC00CF6E21 /* landmark.app */ = {isa = PBXFileReference; explicitFileType = wrapper.application; includeInIndex = 0; path = landmark.app; sourceTree = BUILT_PRODUCTS_DIR; };
		BCE255C125AC48AC00CF6E21 /* Info.plist */ = {isa = PBXFileReference; lastKnownFileType = text.plist.xml; path = Info.plist; sourceTree = "<group>"; };
		BCE255C225AC48AC00CF6E21 /* macOS.entitlements */ = {isa = PBXFileReference; lastKnownFileType = text.plist.entitlements; path = macOS.entitlements; sourceTree = "<group>"; };
		BCE255C725AC48AC00CF6E21 /* Tests iOS.xctest */ = {isa = PBXFileReference; explicitFileType = wrapper.cfbundle; includeInIndex = 0; path = "Tests iOS.xctest"; sourceTree = BUILT_PRODUCTS_DIR; };
		BCE255CB25AC48AC00CF6E21 /* Tests_iOS.swift */ = {isa = PBXFileReference; lastKnownFileType = sourcecode.swift; path = Tests_iOS.swift; sourceTree = "<group>"; };
		BCE255CD25AC48AC00CF6E21 /* Info.plist */ = {isa = PBXFileReference; lastKnownFileType = text.plist.xml; path = Info.plist; sourceTree = "<group>"; };
		BCE255D225AC48AC00CF6E21 /* Tests macOS.xctest */ = {isa = PBXFileReference; explicitFileType = wrapper.cfbundle; includeInIndex = 0; path = "Tests macOS.xctest"; sourceTree = BUILT_PRODUCTS_DIR; };
		BCE255D625AC48AC00CF6E21 /* Tests_macOS.swift */ = {isa = PBXFileReference; lastKnownFileType = sourcecode.swift; path = Tests_macOS.swift; sourceTree = "<group>"; };
		BCE255D825AC48AC00CF6E21 /* Info.plist */ = {isa = PBXFileReference; lastKnownFileType = text.plist.xml; path = Info.plist; sourceTree = "<group>"; };
		BCE255F125AC61AC00CF6E21 /* Landmark.swift */ = {isa = PBXFileReference; lastKnownFileType = sourcecode.swift; path = Landmark.swift; sourceTree = "<group>"; };
		BCE255F825AC64AB00CF6E21 /* landmarkData.json */ = {isa = PBXFileReference; fileEncoding = 4; lastKnownFileType = text.json; path = landmarkData.json; sourceTree = "<group>"; };
		BCE2560125AC65F700CF6E21 /* LICENSE.txt */ = {isa = PBXFileReference; fileEncoding = 4; lastKnownFileType = text; path = LICENSE.txt; sourceTree = "<group>"; };
		BCE2560325AC65F700CF6E21 /* umbagog@2x.jpg */ = {isa = PBXFileReference; lastKnownFileType = image.jpeg; path = "umbagog@2x.jpg"; sourceTree = "<group>"; };
		BCE2560425AC65F700CF6E21 /* twinlake@2x.jpg */ = {isa = PBXFileReference; lastKnownFileType = image.jpeg; path = "twinlake@2x.jpg"; sourceTree = "<group>"; };
		BCE2560525AC65F700CF6E21 /* chincoteague@2x.jpg */ = {isa = PBXFileReference; lastKnownFileType = image.jpeg; path = "chincoteague@2x.jpg"; sourceTree = "<group>"; };
		BCE2560625AC65F700CF6E21 /* lakemcdonald@2x.jpg */ = {isa = PBXFileReference; lastKnownFileType = image.jpeg; path = "lakemcdonald@2x.jpg"; sourceTree = "<group>"; };
		BCE2560725AC65F700CF6E21 /* silversalmoncreek@2x.jpg */ = {isa = PBXFileReference; lastKnownFileType = image.jpeg; path = "silversalmoncreek@2x.jpg"; sourceTree = "<group>"; };
		BCE2560825AC65F700CF6E21 /* icybay@2x.jpg */ = {isa = PBXFileReference; lastKnownFileType = image.jpeg; path = "icybay@2x.jpg"; sourceTree = "<group>"; };
		BCE2560925AC65F700CF6E21 /* hiddenlake@2x.jpg */ = {isa = PBXFileReference; lastKnownFileType = image.jpeg; path = "hiddenlake@2x.jpg"; sourceTree = "<group>"; };
		BCE2560A25AC65F700CF6E21 /* chilkoottrail@2x.jpg */ = {isa = PBXFileReference; lastKnownFileType = image.jpeg; path = "chilkoottrail@2x.jpg"; sourceTree = "<group>"; };
		BCE2560B25AC65F700CF6E21 /* stmarylake@2x.jpg */ = {isa = PBXFileReference; lastKnownFileType = image.jpeg; path = "stmarylake@2x.jpg"; sourceTree = "<group>"; };
		BCE2560C25AC65F700CF6E21 /* charleyrivers@2x.jpg */ = {isa = PBXFileReference; lastKnownFileType = image.jpeg; path = "charleyrivers@2x.jpg"; sourceTree = "<group>"; };
		BCE2560D25AC65F700CF6E21 /* rainbowlake@2x.jpg */ = {isa = PBXFileReference; lastKnownFileType = image.jpeg; path = "rainbowlake@2x.jpg"; sourceTree = "<group>"; };
		BCE2562025AC67C100CF6E21 /* ModelData.swift */ = {isa = PBXFileReference; lastKnownFileType = sourcecode.swift; path = ModelData.swift; sourceTree = "<group>"; };
		BCE2563225AC6A9800CF6E21 /* LandmarkRow.swift */ = {isa = PBXFileReference; lastKnownFileType = sourcecode.swift; path = LandmarkRow.swift; sourceTree = "<group>"; };
		BCE2564825AC7A1300CF6E21 /* LandmarkList.swift */ = {isa = PBXFileReference; lastKnownFileType = sourcecode.swift; path = LandmarkList.swift; sourceTree = "<group>"; };
		BCE2564E25AC7C7700CF6E21 /* LandmarkDetail.swift */ = {isa = PBXFileReference; lastKnownFileType = sourcecode.swift; path = LandmarkDetail.swift; sourceTree = "<group>"; };
		BCE2565A25AC7F4500CF6E21 /* MapView.swift */ = {isa = PBXFileReference; lastKnownFileType = sourcecode.swift; path = MapView.swift; sourceTree = "<group>"; };
		BCE2566925AC812F00CF6E21 /* CircleImage.swift */ = {isa = PBXFileReference; lastKnownFileType = sourcecode.swift; path = CircleImage.swift; sourceTree = "<group>"; };
/* End PBXFileReference section */

/* Begin PBXFrameworksBuildPhase section */
		BCE255B425AC48AC00CF6E21 /* Frameworks */ = {
			isa = PBXFrameworksBuildPhase;
			buildActionMask = 2147483647;
			files = (
			);
			runOnlyForDeploymentPostprocessing = 0;
		};
		BCE255BC25AC48AC00CF6E21 /* Frameworks */ = {
			isa = PBXFrameworksBuildPhase;
			buildActionMask = 2147483647;
			files = (
			);
			runOnlyForDeploymentPostprocessing = 0;
		};
		BCE255C425AC48AC00CF6E21 /* Frameworks */ = {
			isa = PBXFrameworksBuildPhase;
			buildActionMask = 2147483647;
			files = (
			);
			runOnlyForDeploymentPostprocessing = 0;
		};
		BCE255CF25AC48AC00CF6E21 /* Frameworks */ = {
			isa = PBXFrameworksBuildPhase;
			buildActionMask = 2147483647;
			files = (
			);
			runOnlyForDeploymentPostprocessing = 0;
		};
/* End PBXFrameworksBuildPhase section */

/* Begin PBXGroup section */
		BC4C0DED25B09BB400A986B2 /* Helpers */ = {
			isa = PBXGroup;
			children = (
				BC4C0DE725B09B0400A986B2 /* FavoriteButton.swift */,
				BCE2565A25AC7F4500CF6E21 /* MapView.swift */,
				BCE2566925AC812F00CF6E21 /* CircleImage.swift */,
			);
			path = Helpers;
			sourceTree = "<group>";
		};
		BC4C0DEE25B09BED00A986B2 /* Landmarks */ = {
			isa = PBXGroup;
			children = (
				BCE2563225AC6A9800CF6E21 /* LandmarkRow.swift */,
				BCE2564825AC7A1300CF6E21 /* LandmarkList.swift */,
				BCE2564E25AC7C7700CF6E21 /* LandmarkDetail.swift */,
			);
			path = Landmarks;
			sourceTree = "<group>";
		};
		BCE255AA25AC48AB00CF6E21 = {
			isa = PBXGroup;
			children = (
				BCE255AF25AC48AB00CF6E21 /* Shared */,
				BCE255B925AC48AC00CF6E21 /* iOS */,
				BCE255C025AC48AC00CF6E21 /* macOS */,
				BCE255CA25AC48AC00CF6E21 /* Tests iOS */,
				BCE255D525AC48AC00CF6E21 /* Tests macOS */,
				BCE255B825AC48AC00CF6E21 /* Products */,
			);
			sourceTree = "<group>";
		};
		BCE255AF25AC48AB00CF6E21 /* Shared */ = {
			isa = PBXGroup;
			children = (
				BC4C0DEE25B09BED00A986B2 /* Landmarks */,
				BC4C0DED25B09BB400A986B2 /* Helpers */,
				BCE2562825AC69F100CF6E21 /* Model */,
				BCE2562625AC69A100CF6E21 /* Views */,
				BCE255FF25AC65F700CF6E21 /* Resources */,
				BCE255F825AC64AB00CF6E21 /* landmarkData.json */,
				BCE2560225AC65F700CF6E21 /* Images */,
				BCE255B225AC48AC00CF6E21 /* Assets.xcassets */,
			);
			path = Shared;
			sourceTree = "<group>";
		};
		BCE255B825AC48AC00CF6E21 /* Products */ = {
			isa = PBXGroup;
			children = (
				BCE255B725AC48AC00CF6E21 /* landmark.app */,
				BCE255BF25AC48AC00CF6E21 /* landmark.app */,
				BCE255C725AC48AC00CF6E21 /* Tests iOS.xctest */,
				BCE255D225AC48AC00CF6E21 /* Tests macOS.xctest */,
			);
			name = Products;
			sourceTree = "<group>";
		};
		BCE255B925AC48AC00CF6E21 /* iOS */ = {
			isa = PBXGroup;
			children = (
				BCE255BA25AC48AC00CF6E21 /* Info.plist */,
			);
			path = iOS;
			sourceTree = "<group>";
		};
		BCE255C025AC48AC00CF6E21 /* macOS */ = {
			isa = PBXGroup;
			children = (
				BCE255C125AC48AC00CF6E21 /* Info.plist */,
				BCE255C225AC48AC00CF6E21 /* macOS.entitlements */,
			);
			path = macOS;
			sourceTree = "<group>";
		};
		BCE255CA25AC48AC00CF6E21 /* Tests iOS */ = {
			isa = PBXGroup;
			children = (
				BCE255CB25AC48AC00CF6E21 /* Tests_iOS.swift */,
				BCE255CD25AC48AC00CF6E21 /* Info.plist */,
			);
			path = "Tests iOS";
			sourceTree = "<group>";
		};
		BCE255D525AC48AC00CF6E21 /* Tests macOS */ = {
			isa = PBXGroup;
			children = (
				BCE255D625AC48AC00CF6E21 /* Tests_macOS.swift */,
				BCE255D825AC48AC00CF6E21 /* Info.plist */,
			);
			path = "Tests macOS";
			sourceTree = "<group>";
		};
		BCE255FF25AC65F700CF6E21 /* Resources */ = {
			isa = PBXGroup;
			children = (
				BCE2560025AC65F700CF6E21 /* LICENSE */,
			);
			path = Resources;
			sourceTree = "<group>";
		};
		BCE2560025AC65F700CF6E21 /* LICENSE */ = {
			isa = PBXGroup;
			children = (
				BCE2560125AC65F700CF6E21 /* LICENSE.txt */,
			);
			path = LICENSE;
			sourceTree = "<group>";
		};
		BCE2560225AC65F700CF6E21 /* Images */ = {
			isa = PBXGroup;
			children = (
				BCE2560425AC65F700CF6E21 /* twinlake@2x.jpg */,
				BCE2560525AC65F700CF6E21 /* chincoteague@2x.jpg */,
				BCE2560625AC65F700CF6E21 /* lakemcdonald@2x.jpg */,
				BCE2560725AC65F700CF6E21 /* silversalmoncreek@2x.jpg */,
				BCE2560825AC65F700CF6E21 /* icybay@2x.jpg */,
				BCE2560925AC65F700CF6E21 /* hiddenlake@2x.jpg */,
				BCE2560A25AC65F700CF6E21 /* chilkoottrail@2x.jpg */,
				BCE2560B25AC65F700CF6E21 /* stmarylake@2x.jpg */,
				BCE2560C25AC65F700CF6E21 /* charleyrivers@2x.jpg */,
				BCE2560D25AC65F700CF6E21 /* rainbowlake@2x.jpg */,
				BCE2560325AC65F700CF6E21 /* umbagog@2x.jpg */,
			);
			path = Images;
			sourceTree = "<group>";
		};
		BCE2562625AC69A100CF6E21 /* Views */ = {
			isa = PBXGroup;
			children = (
				BCE255B025AC48AB00CF6E21 /* landmarkApp.swift */,
				BCE255B125AC48AB00CF6E21 /* ContentView.swift */,
			);
			path = Views;
			sourceTree = "<group>";
		};
		BCE2562825AC69F100CF6E21 /* Model */ = {
			isa = PBXGroup;
			children = (
				BCE2562025AC67C100CF6E21 /* ModelData.swift */,
				BCE255F125AC61AC00CF6E21 /* Landmark.swift */,
			);
			path = Model;
			sourceTree = "<group>";
		};
/* End PBXGroup section */

/* Begin PBXNativeTarget section */
		BCE255B625AC48AC00CF6E21 /* landmark (iOS) */ = {
			isa = PBXNativeTarget;
			buildConfigurationList = BCE255E125AC48AC00CF6E21 /* Build configuration list for PBXNativeTarget "landmark (iOS)" */;
			buildPhases = (
				BCE255B325AC48AC00CF6E21 /* Sources */,
				BCE255B425AC48AC00CF6E21 /* Frameworks */,
				BCE255B525AC48AC00CF6E21 /* Resources */,
			);
			buildRules = (
			);
			dependencies = (
			);
			name = "landmark (iOS)";
			productName = "landmark (iOS)";
			productReference = BCE255B725AC48AC00CF6E21 /* landmark.app */;
			productType = "com.apple.product-type.application";
		};
		BCE255BE25AC48AC00CF6E21 /* landmark (macOS) */ = {
			isa = PBXNativeTarget;
			buildConfigurationList = BCE255E425AC48AC00CF6E21 /* Build configuration list for PBXNativeTarget "landmark (macOS)" */;
			buildPhases = (
				BCE255BB25AC48AC00CF6E21 /* Sources */,
				BCE255BC25AC48AC00CF6E21 /* Frameworks */,
				BCE255BD25AC48AC00CF6E21 /* Resources */,
			);
			buildRules = (
			);
			dependencies = (
			);
			name = "landmark (macOS)";
			productName = "landmark (macOS)";
			productReference = BCE255BF25AC48AC00CF6E21 /* landmark.app */;
			productType = "com.apple.product-type.application";
		};
		BCE255C625AC48AC00CF6E21 /* Tests iOS */ = {
			isa = PBXNativeTarget;
			buildConfigurationList = BCE255E725AC48AC00CF6E21 /* Build configuration list for PBXNativeTarget "Tests iOS" */;
			buildPhases = (
				BCE255C325AC48AC00CF6E21 /* Sources */,
				BCE255C425AC48AC00CF6E21 /* Frameworks */,
				BCE255C525AC48AC00CF6E21 /* Resources */,
			);
			buildRules = (
			);
			dependencies = (
				BCE255C925AC48AC00CF6E21 /* PBXTargetDependency */,
			);
			name = "Tests iOS";
			productName = "Tests iOS";
			productReference = BCE255C725AC48AC00CF6E21 /* Tests iOS.xctest */;
			productType = "com.apple.product-type.bundle.ui-testing";
		};
		BCE255D125AC48AC00CF6E21 /* Tests macOS */ = {
			isa = PBXNativeTarget;
			buildConfigurationList = BCE255EA25AC48AC00CF6E21 /* Build configuration list for PBXNativeTarget "Tests macOS" */;
			buildPhases = (
				BCE255CE25AC48AC00CF6E21 /* Sources */,
				BCE255CF25AC48AC00CF6E21 /* Frameworks */,
				BCE255D025AC48AC00CF6E21 /* Resources */,
			);
			buildRules = (
			);
			dependencies = (
				BCE255D425AC48AC00CF6E21 /* PBXTargetDependency */,
			);
			name = "Tests macOS";
			productName = "Tests macOS";
			productReference = BCE255D225AC48AC00CF6E21 /* Tests macOS.xctest */;
			productType = "com.apple.product-type.bundle.ui-testing";
		};
/* End PBXNativeTarget section */

/* Begin PBXProject section */
		BCE255AB25AC48AB00CF6E21 /* Project object */ = {
			isa = PBXProject;
			attributes = {
				LastSwiftUpdateCheck = 1230;
				LastUpgradeCheck = 1230;
				TargetAttributes = {
					BCE255B625AC48AC00CF6E21 = {
						CreatedOnToolsVersion = 12.3;
					};
					BCE255BE25AC48AC00CF6E21 = {
						CreatedOnToolsVersion = 12.3;
					};
					BCE255C625AC48AC00CF6E21 = {
						CreatedOnToolsVersion = 12.3;
						TestTargetID = BCE255B625AC48AC00CF6E21;
					};
					BCE255D125AC48AC00CF6E21 = {
						CreatedOnToolsVersion = 12.3;
						TestTargetID = BCE255BE25AC48AC00CF6E21;
					};
				};
			};
			buildConfigurationList = BCE255AE25AC48AB00CF6E21 /* Build configuration list for PBXProject "landmark" */;
			compatibilityVersion = "Xcode 9.3";
			developmentRegion = en;
			hasScannedForEncodings = 0;
			knownRegions = (
				en,
				Base,
			);
			mainGroup = BCE255AA25AC48AB00CF6E21;
			productRefGroup = BCE255B825AC48AC00CF6E21 /* Products */;
			projectDirPath = "";
			projectRoot = "";
			targets = (
				BCE255B625AC48AC00CF6E21 /* landmark (iOS) */,
				BCE255BE25AC48AC00CF6E21 /* landmark (macOS) */,
				BCE255C625AC48AC00CF6E21 /* Tests iOS */,
				BCE255D125AC48AC00CF6E21 /* Tests macOS */,
			);
		};
/* End PBXProject section */

/* Begin PBXResourcesBuildPhase section */
		BCE255B525AC48AC00CF6E21 /* Resources */ = {
			isa = PBXResourcesBuildPhase;
			buildActionMask = 2147483647;
			files = (
				BCE2561925AC65F700CF6E21 /* charleyrivers@2x.jpg in Resources */,
				BCE2560F25AC65F700CF6E21 /* LICENSE.txt in Resources */,
				BCE2561625AC65F700CF6E21 /* hiddenlake@2x.jpg in Resources */,
				BCE2561025AC65F700CF6E21 /* umbagog@2x.jpg in Resources */,
				BCE2561A25AC65F700CF6E21 /* rainbowlake@2x.jpg in Resources */,
				BCE2561525AC65F700CF6E21 /* icybay@2x.jpg in Resources */,
				BCE2561425AC65F700CF6E21 /* silversalmoncreek@2x.jpg in Resources */,
				BCE255DD25AC48AC00CF6E21 /* Assets.xcassets in Resources */,
				BCE2561125AC65F700CF6E21 /* twinlake@2x.jpg in Resources */,
				BCE2561825AC65F700CF6E21 /* stmarylake@2x.jpg in Resources */,
				BCE2561325AC65F700CF6E21 /* lakemcdonald@2x.jpg in Resources */,
				BCE2561725AC65F700CF6E21 /* chilkoottrail@2x.jpg in Resources */,
				BCE255F925AC64AB00CF6E21 /* landmarkData.json in Resources */,
				BCE2561225AC65F700CF6E21 /* chincoteague@2x.jpg in Resources */,
			);
			runOnlyForDeploymentPostprocessing = 0;
		};
		BCE255BD25AC48AC00CF6E21 /* Resources */ = {
			isa = PBXResourcesBuildPhase;
			buildActionMask = 2147483647;
			files = (
				BCE255DE25AC48AC00CF6E21 /* Assets.xcassets in Resources */,
				BCE255FA25AC64AB00CF6E21 /* landmarkData.json in Resources */,
			);
			runOnlyForDeploymentPostprocessing = 0;
		};
		BCE255C525AC48AC00CF6E21 /* Resources */ = {
			isa = PBXResourcesBuildPhase;
			buildActionMask = 2147483647;
			files = (
			);
			runOnlyForDeploymentPostprocessing = 0;
		};
		BCE255D025AC48AC00CF6E21 /* Resources */ = {
			isa = PBXResourcesBuildPhase;
			buildActionMask = 2147483647;
			files = (
			);
			runOnlyForDeploymentPostprocessing = 0;
		};
/* End PBXResourcesBuildPhase section */

/* Begin PBXSourcesBuildPhase section */
		BCE255B325AC48AC00CF6E21 /* Sources */ = {
			isa = PBXSourcesBuildPhase;
			buildActionMask = 2147483647;
			files = (
				BCE255DB25AC48AC00CF6E21 /* ContentView.swift in Sources */,
				BCE2564925AC7A1300CF6E21 /* LandmarkList.swift in Sources */,
				BCE2562125AC67C100CF6E21 /* ModelData.swift in Sources */,
				BC4C0DE825B09B0400A986B2 /* FavoriteButton.swift in Sources */,
				BCE255D925AC48AC00CF6E21 /* landmarkApp.swift in Sources */,
				BCE2563325AC6A9800CF6E21 /* LandmarkRow.swift in Sources */,
				BCE2566A25AC812F00CF6E21 /* CircleImage.swift in Sources */,
				BCE255F225AC61AC00CF6E21 /* Landmark.swift in Sources */,
				BCE2565B25AC7F4500CF6E21 /* MapView.swift in Sources */,
				BCE2564F25AC7C7700CF6E21 /* LandmarkDetail.swift in Sources */,
			);
			runOnlyForDeploymentPostprocessing = 0;
		};
		BCE255BB25AC48AC00CF6E21 /* Sources */ = {
			isa = PBXSourcesBuildPhase;
			buildActionMask = 2147483647;
			files = (
				BCE255DC25AC48AC00CF6E21 /* ContentView.swift in Sources */,
				BCE2562925AC6A1400CF6E21 /* ModelData.swift in Sources */,
				BCE255DA25AC48AC00CF6E21 /* landmarkApp.swift in Sources */,
				BCE255F325AC61AC00CF6E21 /* Landmark.swift in Sources */,
			);
			runOnlyForDeploymentPostprocessing = 0;
		};
		BCE255C325AC48AC00CF6E21 /* Sources */ = {
			isa = PBXSourcesBuildPhase;
			buildActionMask = 2147483647;
			files = (
				BCE255CC25AC48AC00CF6E21 /* Tests_iOS.swift in Sources */,
			);
			runOnlyForDeploymentPostprocessing = 0;
		};
		BCE255CE25AC48AC00CF6E21 /* Sources */ = {
			isa = PBXSourcesBuildPhase;
			buildActionMask = 2147483647;
			files = (
				BCE255D725AC48AC00CF6E21 /* Tests_macOS.swift in Sources */,
			);
			runOnlyForDeploymentPostprocessing = 0;
		};
/* End PBXSourcesBuildPhase section */

/* Begin PBXTargetDependency section */
		BCE255C925AC48AC00CF6E21 /* PBXTargetDependency */ = {
			isa = PBXTargetDependency;
			target = BCE255B625AC48AC00CF6E21 /* landmark (iOS) */;
			targetProxy = BCE255C825AC48AC00CF6E21 /* PBXContainerItemProxy */;
		};
		BCE255D425AC48AC00CF6E21 /* PBXTargetDependency */ = {
			isa = PBXTargetDependency;
			target = BCE255BE25AC48AC00CF6E21 /* landmark (macOS) */;
			targetProxy = BCE255D325AC48AC00CF6E21 /* PBXContainerItemProxy */;
		};
/* End PBXTargetDependency section */

/* Begin XCBuildConfiguration section */
		BCE255DF25AC48AC00CF6E21 /* Debug */ = {
			isa = XCBuildConfiguration;
			buildSettings = {
				ALWAYS_SEARCH_USER_PATHS = NO;
				CLANG_ANALYZER_NONNULL = YES;
				CLANG_ANALYZER_NUMBER_OBJECT_CONVERSION = YES_AGGRESSIVE;
				CLANG_CXX_LANGUAGE_STANDARD = "gnu++14";
				CLANG_CXX_LIBRARY = "libc++";
				CLANG_ENABLE_MODULES = YES;
				CLANG_ENABLE_OBJC_ARC = YES;
				CLANG_ENABLE_OBJC_WEAK = YES;
				CLANG_WARN_BLOCK_CAPTURE_AUTORELEASING = YES;
				CLANG_WARN_BOOL_CONVERSION = YES;
				CLANG_WARN_COMMA = YES;
				CLANG_WARN_CONSTANT_CONVERSION = YES;
				CLANG_WARN_DEPRECATED_OBJC_IMPLEMENTATIONS = YES;
				CLANG_WARN_DIRECT_OBJC_ISA_USAGE = YES_ERROR;
				CLANG_WARN_DOCUMENTATION_COMMENTS = YES;
				CLANG_WARN_EMPTY_BODY = YES;
				CLANG_WARN_ENUM_CONVERSION = YES;
				CLANG_WARN_INFINITE_RECURSION = YES;
				CLANG_WARN_INT_CONVERSION = YES;
				CLANG_WARN_NON_LITERAL_NULL_CONVERSION = YES;
				CLANG_WARN_OBJC_IMPLICIT_RETAIN_SELF = YES;
				CLANG_WARN_OBJC_LITERAL_CONVERSION = YES;
				CLANG_WARN_OBJC_ROOT_CLASS = YES_ERROR;
				CLANG_WARN_QUOTED_INCLUDE_IN_FRAMEWORK_HEADER = YES;
				CLANG_WARN_RANGE_LOOP_ANALYSIS = YES;
				CLANG_WARN_STRICT_PROTOTYPES = YES;
				CLANG_WARN_SUSPICIOUS_MOVE = YES;
				CLANG_WARN_UNGUARDED_AVAILABILITY = YES_AGGRESSIVE;
				CLANG_WARN_UNREACHABLE_CODE = YES;
				CLANG_WARN__DUPLICATE_METHOD_MATCH = YES;
				COPY_PHASE_STRIP = NO;
				DEBUG_INFORMATION_FORMAT = dwarf;
				ENABLE_STRICT_OBJC_MSGSEND = YES;
				ENABLE_TESTABILITY = YES;
				GCC_C_LANGUAGE_STANDARD = gnu11;
				GCC_DYNAMIC_NO_PIC = NO;
				GCC_NO_COMMON_BLOCKS = YES;
				GCC_OPTIMIZATION_LEVEL = 0;
				GCC_PREPROCESSOR_DEFINITIONS = (
					"DEBUG=1",
					"$(inherited)",
				);
				GCC_WARN_64_TO_32_BIT_CONVERSION = YES;
				GCC_WARN_ABOUT_RETURN_TYPE = YES_ERROR;
				GCC_WARN_UNDECLARED_SELECTOR = YES;
				GCC_WARN_UNINITIALIZED_AUTOS = YES_AGGRESSIVE;
				GCC_WARN_UNUSED_FUNCTION = YES;
				GCC_WARN_UNUSED_VARIABLE = YES;
				MTL_ENABLE_DEBUG_INFO = INCLUDE_SOURCE;
				MTL_FAST_MATH = YES;
				ONLY_ACTIVE_ARCH = YES;
				SWIFT_ACTIVE_COMPILATION_CONDITIONS = DEBUG;
				SWIFT_OPTIMIZATION_LEVEL = "-Onone";
			};
			name = Debug;
		};
		BCE255E025AC48AC00CF6E21 /* Release */ = {
			isa = XCBuildConfiguration;
			buildSettings = {
				ALWAYS_SEARCH_USER_PATHS = NO;
				CLANG_ANALYZER_NONNULL = YES;
				CLANG_ANALYZER_NUMBER_OBJECT_CONVERSION = YES_AGGRESSIVE;
				CLANG_CXX_LANGUAGE_STANDARD = "gnu++14";
				CLANG_CXX_LIBRARY = "libc++";
				CLANG_ENABLE_MODULES = YES;
				CLANG_ENABLE_OBJC_ARC = YES;
				CLANG_ENABLE_OBJC_WEAK = YES;
				CLANG_WARN_BLOCK_CAPTURE_AUTORELEASING = YES;
				CLANG_WARN_BOOL_CONVERSION = YES;
				CLANG_WARN_COMMA = YES;
				CLANG_WARN_CONSTANT_CONVERSION = YES;
				CLANG_WARN_DEPRECATED_OBJC_IMPLEMENTATIONS = YES;
				CLANG_WARN_DIRECT_OBJC_ISA_USAGE = YES_ERROR;
				CLANG_WARN_DOCUMENTATION_COMMENTS = YES;
				CLANG_WARN_EMPTY_BODY = YES;
				CLANG_WARN_ENUM_CONVERSION = YES;
				CLANG_WARN_INFINITE_RECURSION = YES;
				CLANG_WARN_INT_CONVERSION = YES;
				CLANG_WARN_NON_LITERAL_NULL_CONVERSION = YES;
				CLANG_WARN_OBJC_IMPLICIT_RETAIN_SELF = YES;
				CLANG_WARN_OBJC_LITERAL_CONVERSION = YES;
				CLANG_WARN_OBJC_ROOT_CLASS = YES_ERROR;
				CLANG_WARN_QUOTED_INCLUDE_IN_FRAMEWORK_HEADER = YES;
				CLANG_WARN_RANGE_LOOP_ANALYSIS = YES;
				CLANG_WARN_STRICT_PROTOTYPES = YES;
				CLANG_WARN_SUSPICIOUS_MOVE = YES;
				CLANG_WARN_UNGUARDED_AVAILABILITY = YES_AGGRESSIVE;
				CLANG_WARN_UNREACHABLE_CODE = YES;
				CLANG_WARN__DUPLICATE_METHOD_MATCH = YES;
				COPY_PHASE_STRIP = NO;
				DEBUG_INFORMATION_FORMAT = "dwarf-with-dsym";
				ENABLE_NS_ASSERTIONS = NO;
				ENABLE_STRICT_OBJC_MSGSEND = YES;
				GCC_C_LANGUAGE_STANDARD = gnu11;
				GCC_NO_COMMON_BLOCKS = YES;
				GCC_WARN_64_TO_32_BIT_CONVERSION = YES;
				GCC_WARN_ABOUT_RETURN_TYPE = YES_ERROR;
				GCC_WARN_UNDECLARED_SELECTOR = YES;
				GCC_WARN_UNINITIALIZED_AUTOS = YES_AGGRESSIVE;
				GCC_WARN_UNUSED_FUNCTION = YES;
				GCC_WARN_UNUSED_VARIABLE = YES;
				MTL_ENABLE_DEBUG_INFO = NO;
				MTL_FAST_MATH = YES;
				SWIFT_COMPILATION_MODE = wholemodule;
				SWIFT_OPTIMIZATION_LEVEL = "-O";
			};
			name = Release;
		};
		BCE255E225AC48AC00CF6E21 /* Debug */ = {
			isa = XCBuildConfiguration;
			buildSettings = {
				ASSETCATALOG_COMPILER_APPICON_NAME = AppIcon;
				ASSETCATALOG_COMPILER_GLOBAL_ACCENT_COLOR_NAME = AccentColor;
				CODE_SIGN_STYLE = Automatic;
				ENABLE_PREVIEWS = YES;
				INFOPLIST_FILE = iOS/Info.plist;
				IPHONEOS_DEPLOYMENT_TARGET = 14.0;
				LD_RUNPATH_SEARCH_PATHS = (
					"$(inherited)",
					"@executable_path/Frameworks",
				);
				PRODUCT_BUNDLE_IDENTIFIER = "LAB-UAS.landmark";
				PRODUCT_NAME = landmark;
				SDKROOT = iphoneos;
				SWIFT_VERSION = 5.0;
				TARGETED_DEVICE_FAMILY = "1,2";
			};
			name = Debug;
		};
		BCE255E325AC48AC00CF6E21 /* Release */ = {
			isa = XCBuildConfiguration;
			buildSettings = {
				ASSETCATALOG_COMPILER_APPICON_NAME = AppIcon;
				ASSETCATALOG_COMPILER_GLOBAL_ACCENT_COLOR_NAME = AccentColor;
				CODE_SIGN_STYLE = Automatic;
				ENABLE_PREVIEWS = YES;
				INFOPLIST_FILE = iOS/Info.plist;
				IPHONEOS_DEPLOYMENT_TARGET = 14.0;
				LD_RUNPATH_SEARCH_PATHS = (
					"$(inherited)",
					"@executable_path/Frameworks",
				);
				PRODUCT_BUNDLE_IDENTIFIER = "LAB-UAS.landmark";
				PRODUCT_NAME = landmark;
				SDKROOT = iphoneos;
				SWIFT_VERSION = 5.0;
				TARGETED_DEVICE_FAMILY = "1,2";
				VALIDATE_PRODUCT = YES;
			};
			name = Release;
		};
		BCE255E525AC48AC00CF6E21 /* Debug */ = {
			isa = XCBuildConfiguration;
			buildSettings = {
				ASSETCATALOG_COMPILER_APPICON_NAME = AppIcon;
				ASSETCATALOG_COMPILER_GLOBAL_ACCENT_COLOR_NAME = AccentColor;
				CODE_SIGN_ENTITLEMENTS = macOS/macOS.entitlements;
				CODE_SIGN_STYLE = Automatic;
				COMBINE_HIDPI_IMAGES = YES;
				ENABLE_PREVIEWS = YES;
				INFOPLIST_FILE = macOS/Info.plist;
				LD_RUNPATH_SEARCH_PATHS = (
					"$(inherited)",
					"@executable_path/../Frameworks",
				);
				MACOSX_DEPLOYMENT_TARGET = 11.0;
				PRODUCT_BUNDLE_IDENTIFIER = "LAB-UAS.landmark";
				PRODUCT_NAME = landmark;
				SDKROOT = macosx;
				SWIFT_VERSION = 5.0;
			};
			name = Debug;
		};
		BCE255E625AC48AC00CF6E21 /* Release */ = {
			isa = XCBuildConfiguration;
			buildSettings = {
				ASSETCATALOG_COMPILER_APPICON_NAME = AppIcon;
				ASSETCATALOG_COMPILER_GLOBAL_ACCENT_COLOR_NAME = AccentColor;
				CODE_SIGN_ENTITLEMENTS = macOS/macOS.entitlements;
				CODE_SIGN_STYLE = Automatic;
				COMBINE_HIDPI_IMAGES = YES;
				ENABLE_PREVIEWS = YES;
				INFOPLIST_FILE = macOS/Info.plist;
				LD_RUNPATH_SEARCH_PATHS = (
					"$(inherited)",
					"@executable_path/../Frameworks",
				);
				MACOSX_DEPLOYMENT_TARGET = 11.0;
				PRODUCT_BUNDLE_IDENTIFIER = "LAB-UAS.landmark";
				PRODUCT_NAME = landmark;
				SDKROOT = macosx;
				SWIFT_VERSION = 5.0;
			};
			name = Release;
		};
		BCE255E825AC48AC00CF6E21 /* Debug */ = {
			isa = XCBuildConfiguration;
			buildSettings = {
				ALWAYS_EMBED_SWIFT_STANDARD_LIBRARIES = YES;
				CODE_SIGN_STYLE = Automatic;
				INFOPLIST_FILE = "Tests iOS/Info.plist";
				IPHONEOS_DEPLOYMENT_TARGET = 14.3;
				LD_RUNPATH_SEARCH_PATHS = (
					"$(inherited)",
					"@executable_path/Frameworks",
					"@loader_path/Frameworks",
				);
				PRODUCT_BUNDLE_IDENTIFIER = "LAB-UAS.Tests-iOS";
				PRODUCT_NAME = "$(TARGET_NAME)";
				SDKROOT = iphoneos;
				SWIFT_VERSION = 5.0;
				TARGETED_DEVICE_FAMILY = "1,2";
				TEST_TARGET_NAME = "landmark (iOS)";
			};
			name = Debug;
		};
		BCE255E925AC48AC00CF6E21 /* Release */ = {
			isa = XCBuildConfiguration;
			buildSettings = {
				ALWAYS_EMBED_SWIFT_STANDARD_LIBRARIES = YES;
				CODE_SIGN_STYLE = Automatic;
				INFOPLIST_FILE = "Tests iOS/Info.plist";
				IPHONEOS_DEPLOYMENT_TARGET = 14.3;
				LD_RUNPATH_SEARCH_PATHS = (
					"$(inherited)",
					"@executable_path/Frameworks",
					"@loader_path/Frameworks",
				);
				PRODUCT_BUNDLE_IDENTIFIER = "LAB-UAS.Tests-iOS";
				PRODUCT_NAME = "$(TARGET_NAME)";
				SDKROOT = iphoneos;
				SWIFT_VERSION = 5.0;
				TARGETED_DEVICE_FAMILY = "1,2";
				TEST_TARGET_NAME = "landmark (iOS)";
				VALIDATE_PRODUCT = YES;
			};
			name = Release;
		};
		BCE255EB25AC48AC00CF6E21 /* Debug */ = {
			isa = XCBuildConfiguration;
			buildSettings = {
				ALWAYS_EMBED_SWIFT_STANDARD_LIBRARIES = YES;
				CODE_SIGN_STYLE = Automatic;
				COMBINE_HIDPI_IMAGES = YES;
				INFOPLIST_FILE = "Tests macOS/Info.plist";
				LD_RUNPATH_SEARCH_PATHS = (
					"$(inherited)",
					"@executable_path/../Frameworks",
					"@loader_path/../Frameworks",
				);
				MACOSX_DEPLOYMENT_TARGET = 10.15;
				PRODUCT_BUNDLE_IDENTIFIER = "LAB-UAS.Tests-macOS";
				PRODUCT_NAME = "$(TARGET_NAME)";
				SDKROOT = macosx;
				SWIFT_VERSION = 5.0;
				TEST_TARGET_NAME = "landmark (macOS)";
			};
			name = Debug;
		};
		BCE255EC25AC48AC00CF6E21 /* Release */ = {
			isa = XCBuildConfiguration;
			buildSettings = {
				ALWAYS_EMBED_SWIFT_STANDARD_LIBRARIES = YES;
				CODE_SIGN_STYLE = Automatic;
				COMBINE_HIDPI_IMAGES = YES;
				INFOPLIST_FILE = "Tests macOS/Info.plist";
				LD_RUNPATH_SEARCH_PATHS = (
					"$(inherited)",
					"@executable_path/../Frameworks",
					"@loader_path/../Frameworks",
				);
				MACOSX_DEPLOYMENT_TARGET = 10.15;
				PRODUCT_BUNDLE_IDENTIFIER = "LAB-UAS.Tests-macOS";
				PRODUCT_NAME = "$(TARGET_NAME)";
				SDKROOT = macosx;
				SWIFT_VERSION = 5.0;
				TEST_TARGET_NAME = "landmark (macOS)";
			};
			name = Release;
		};
/* End XCBuildConfiguration section */

/* Begin XCConfigurationList section */
		BCE255AE25AC48AB00CF6E21 /* Build configuration list for PBXProject "landmark" */ = {
			isa = XCConfigurationList;
			buildConfigurations = (
				BCE255DF25AC48AC00CF6E21 /* Debug */,
				BCE255E025AC48AC00CF6E21 /* Release */,
			);
			defaultConfigurationIsVisible = 0;
			defaultConfigurationName = Release;
		};
		BCE255E125AC48AC00CF6E21 /* Build configuration list for PBXNativeTarget "landmark (iOS)" */ = {
			isa = XCConfigurationList;
			buildConfigurations = (
				BCE255E225AC48AC00CF6E21 /* Debug */,
				BCE255E325AC48AC00CF6E21 /* Release */,
			);
			defaultConfigurationIsVisible = 0;
			defaultConfigurationName = Release;
		};
		BCE255E425AC48AC00CF6E21 /* Build configuration list for PBXNativeTarget "landmark (macOS)" */ = {
			isa = XCConfigurationList;
			buildConfigurations = (
				BCE255E525AC48AC00CF6E21 /* Debug */,
				BCE255E625AC48AC00CF6E21 /* Release */,
			);
			defaultConfigurationIsVisible = 0;
			defaultConfigurationName = Release;
		};
		BCE255E725AC48AC00CF6E21 /* Build configuration list for PBXNativeTarget "Tests iOS" */ = {
			isa = XCConfigurationList;
			buildConfigurations = (
				BCE255E825AC48AC00CF6E21 /* Debug */,
				BCE255E925AC48AC00CF6E21 /* Release */,
			);
			defaultConfigurationIsVisible = 0;
			defaultConfigurationName = Release;
		};
		BCE255EA25AC48AC00CF6E21 /* Build configuration list for PBXNativeTarget "Tests macOS" */ = {
			isa = XCConfigurationList;
			buildConfigurations = (
				BCE255EB25AC48AC00CF6E21 /* Debug */,
				BCE255EC25AC48AC00CF6E21 /* Release */,
			);
			defaultConfigurationIsVisible = 0;
			defaultConfigurationName = Release;
		};
/* End XCConfigurationList section */
	};
	rootObject = BCE255AB25AC48AB00CF6E21 /* Project object */;
}
